// !$*UTF8*$!
{
	archiveVersion = 1;
	classes = {
	};
	objectVersion = 56;
	objects = {

/* Begin PBXBuildFile section */
		A118A7262A8A8F12004E4EB2 /* Enemy.swift in Sources */ = {isa = PBXBuildFile; fileRef = A118A7252A8A8F12004E4EB2 /* Enemy.swift */; };
		A12E17492A8E92A600EB5D95 /* ethnocentric.otf in Resources */ = {isa = PBXBuildFile; fileRef = A12E17472A8E92A600EB5D95 /* ethnocentric.otf */; };
		A135F9792A8E176A00CA647A /* MainMenuScene.swift in Sources */ = {isa = PBXBuildFile; fileRef = A135F9782A8E176A00CA647A /* MainMenuScene.swift */; };
		A135F97D2A8E20B600CA647A /* MapScene.swift in Sources */ = {isa = PBXBuildFile; fileRef = A135F97C2A8E20B600CA647A /* MapScene.swift */; };
		A135F9802A8E353300CA647A /* LevelNode.swift in Sources */ = {isa = PBXBuildFile; fileRef = A135F97F2A8E353300CA647A /* LevelNode.swift */; };
		A15013092A87C3F500DDB2AC /* shooting.wav in Resources */ = {isa = PBXBuildFile; fileRef = A15013082A87C3F500DDB2AC /* shooting.wav */; };
		A15639D82AA64E1300687CE3 /* LeaderboardScene.swift in Sources */ = {isa = PBXBuildFile; fileRef = A15639D72AA64E1300687CE3 /* LeaderboardScene.swift */; };
		A15639DA2AA65B9B00687CE3 /* LeaderboardScrollView.swift in Sources */ = {isa = PBXBuildFile; fileRef = A15639D92AA65B9B00687CE3 /* LeaderboardScrollView.swift */; };
		A15639DC2AA6E74500687CE3 /* test.swift in Sources */ = {isa = PBXBuildFile; fileRef = A15639DB2AA6E74500687CE3 /* test.swift */; };
		A15639DE2AA7065300687CE3 /* Registration Scene.swift in Sources */ = {isa = PBXBuildFile; fileRef = A15639DD2AA7065300687CE3 /* Registration Scene.swift */; };
		A15639E02AA7141A00687CE3 /* AchievementScene.swift in Sources */ = {isa = PBXBuildFile; fileRef = A15639DF2AA7141A00687CE3 /* AchievementScene.swift */; };
		A15639E32AA715CB00687CE3 /* Achievement.swift in Sources */ = {isa = PBXBuildFile; fileRef = A15639E22AA715CB00687CE3 /* Achievement.swift */; };
		A15639E52AA7236D00687CE3 /* Achievement2.swift in Sources */ = {isa = PBXBuildFile; fileRef = A15639E42AA7236D00687CE3 /* Achievement2.swift */; };
		A15639F22AA738CD00687CE3 /* game-over.mp3 in Resources */ = {isa = PBXBuildFile; fileRef = A15639EF2AA738CD00687CE3 /* game-over.mp3 */; };
		A15639F32AA738CD00687CE3 /* main-menu.mp3 in Resources */ = {isa = PBXBuildFile; fileRef = A15639F02AA738CD00687CE3 /* main-menu.mp3 */; };
		A15639F42AA738CD00687CE3 /* game-win.mp3 in Resources */ = {isa = PBXBuildFile; fileRef = A15639F12AA738CD00687CE3 /* game-win.mp3 */; };
		A15639F62AA73AC600687CE3 /* game-scene.mp3 in Resources */ = {isa = PBXBuildFile; fileRef = A15639F52AA73AC600687CE3 /* game-scene.mp3 */; };
		A15E9A6E2A8A54BF00416761 /* trail-emitter-0.sks in Resources */ = {isa = PBXBuildFile; fileRef = A15E9A6D2A8A54BF00416761 /* trail-emitter-0.sks */; };
		A15E9A702A8A550100416761 /* trail-emitter-3.sks in Resources */ = {isa = PBXBuildFile; fileRef = A15E9A6F2A8A550100416761 /* trail-emitter-3.sks */; };
		A183BDC22A9891C500641C6F /* ShopScene.swift in Sources */ = {isa = PBXBuildFile; fileRef = A183BDC12A9891C500641C6F /* ShopScene.swift */; };
		A18A25EF2AA3AA99000656C1 /* EnemyHealthBar.swift in Sources */ = {isa = PBXBuildFile; fileRef = A18A25EE2AA3AA99000656C1 /* EnemyHealthBar.swift */; };
		A19076352A9765C100CC8EAB /* HorizontalRightMovementEnemy.swift in Sources */ = {isa = PBXBuildFile; fileRef = A19076342A9765C100CC8EAB /* HorizontalRightMovementEnemy.swift */; };
		A19076372A9765D700CC8EAB /* FixedMovementEnemy.swift in Sources */ = {isa = PBXBuildFile; fileRef = A19076362A9765D700CC8EAB /* FixedMovementEnemy.swift */; };
		A19076392A9765F300CC8EAB /* CircularMovementEnemy.swift in Sources */ = {isa = PBXBuildFile; fileRef = A19076382A9765F300CC8EAB /* CircularMovementEnemy.swift */; };
		A1B2B1032A952DE2005A7FF0 /* GameWinScene.swift in Sources */ = {isa = PBXBuildFile; fileRef = A1B2B1022A952DE2005A7FF0 /* GameWinScene.swift */; };
		A1B3AB222A8B8D1E00F0DBA1 /* HeathBar.swift in Sources */ = {isa = PBXBuildFile; fileRef = A1B3AB212A8B8D1E00F0DBA1 /* HeathBar.swift */; };
		A1B3AB252A8BCEDF00F0DBA1 /* GameOverScene.swift in Sources */ = {isa = PBXBuildFile; fileRef = A1B3AB242A8BCEDF00F0DBA1 /* GameOverScene.swift */; };
		A1B456482A873C010088A39E /* AppDelegate.swift in Sources */ = {isa = PBXBuildFile; fileRef = A1B456472A873C010088A39E /* AppDelegate.swift */; };
		A1B4564E2A873C020088A39E /* GameScene.swift in Sources */ = {isa = PBXBuildFile; fileRef = A1B4564D2A873C020088A39E /* GameScene.swift */; };
		A1B456502A873C020088A39E /* GameViewController.swift in Sources */ = {isa = PBXBuildFile; fileRef = A1B4564F2A873C020088A39E /* GameViewController.swift */; };
		A1B456532A873C020088A39E /* Main.storyboard in Resources */ = {isa = PBXBuildFile; fileRef = A1B456512A873C020088A39E /* Main.storyboard */; };
		A1B456552A873C030088A39E /* Assets.xcassets in Resources */ = {isa = PBXBuildFile; fileRef = A1B456542A873C030088A39E /* Assets.xcassets */; };
		A1B456582A873C030088A39E /* LaunchScreen.storyboard in Resources */ = {isa = PBXBuildFile; fileRef = A1B456562A873C030088A39E /* LaunchScreen.storyboard */; };
		A1B4565F2A878D800088A39E /* Player.swift in Sources */ = {isa = PBXBuildFile; fileRef = A1B4565E2A878D800088A39E /* Player.swift */; };
		A1B456612A87992B0088A39E /* InGameBackground.swift in Sources */ = {isa = PBXBuildFile; fileRef = A1B456602A87992B0088A39E /* InGameBackground.swift */; };
		A1B456632A87BA640088A39E /* Bullet.swift in Sources */ = {isa = PBXBuildFile; fileRef = A1B456622A87BA640088A39E /* Bullet.swift */; };
		A1BF00D82A97BAB800C7B444 /* HorizontalLeftMovementEnemy.swift in Sources */ = {isa = PBXBuildFile; fileRef = A1BF00D72A97BAB800C7B444 /* HorizontalLeftMovementEnemy.swift */; };
		A1C972E12AA5A16A00F3F030 /* Boss.swift in Sources */ = {isa = PBXBuildFile; fileRef = A1C972E02AA5A16A00F3F030 /* Boss.swift */; };
		A1E6B4872A99F62800771400 /* trail-emitter-2.sks in Resources */ = {isa = PBXBuildFile; fileRef = A1E6B4862A99F62800771400 /* trail-emitter-2.sks */; };
		A1E6B4892A99F73300771400 /* trail-emitter-1.sks in Resources */ = {isa = PBXBuildFile; fileRef = A1E6B4882A99F73300771400 /* trail-emitter-1.sks */; };
		A1E6B48D2A99F92100771400 /* trail-emitter-4.sks in Resources */ = {isa = PBXBuildFile; fileRef = A1E6B48C2A99F92100771400 /* trail-emitter-4.sks */; };
		A1E750382A8CA9E300E43ED8 /* RandomMovementEnemy.swift in Sources */ = {isa = PBXBuildFile; fileRef = A1E750372A8CA9E300E43ED8 /* RandomMovementEnemy.swift */; };
		A1E7503B2A8CAD5800E43ED8 /* Utilities.swift in Sources */ = {isa = PBXBuildFile; fileRef = A1E7503A2A8CAD5800E43ED8 /* Utilities.swift */; };
		A1E7503D2A8CC06200E43ED8 /* GameManager.swift in Sources */ = {isa = PBXBuildFile; fileRef = A1E7503C2A8CC06200E43ED8 /* GameManager.swift */; };
		A1E750412A8CD38100E43ED8 /* VerticalMovementEnemy.swift in Sources */ = {isa = PBXBuildFile; fileRef = A1E750402A8CD38100E43ED8 /* VerticalMovementEnemy.swift */; };
		A1E750432A8CDC1500E43ED8 /* SpawnManager.swift in Sources */ = {isa = PBXBuildFile; fileRef = A1E750422A8CDC1500E43ED8 /* SpawnManager.swift */; };
/* End PBXBuildFile section */

/* Begin PBXFileReference section */
		A118A7252A8A8F12004E4EB2 /* Enemy.swift */ = {isa = PBXFileReference; lastKnownFileType = sourcecode.swift; path = Enemy.swift; sourceTree = "<group>"; };
		A12E17472A8E92A600EB5D95 /* ethnocentric.otf */ = {isa = PBXFileReference; lastKnownFileType = file; path = ethnocentric.otf; sourceTree = "<group>"; };
		A12E174B2A8E942200EB5D95 /* PC-Invader-Info.plist */ = {isa = PBXFileReference; lastKnownFileType = text.plist; path = "PC-Invader-Info.plist"; sourceTree = SOURCE_ROOT; };
		A135F9782A8E176A00CA647A /* MainMenuScene.swift */ = {isa = PBXFileReference; lastKnownFileType = sourcecode.swift; path = MainMenuScene.swift; sourceTree = "<group>"; };
		A135F97C2A8E20B600CA647A /* MapScene.swift */ = {isa = PBXFileReference; lastKnownFileType = sourcecode.swift; path = MapScene.swift; sourceTree = "<group>"; };
		A135F97F2A8E353300CA647A /* LevelNode.swift */ = {isa = PBXFileReference; lastKnownFileType = sourcecode.swift; path = LevelNode.swift; sourceTree = "<group>"; };
		A15013082A87C3F500DDB2AC /* shooting.wav */ = {isa = PBXFileReference; lastKnownFileType = audio.wav; path = shooting.wav; sourceTree = "<group>"; };
		A15639D72AA64E1300687CE3 /* LeaderboardScene.swift */ = {isa = PBXFileReference; lastKnownFileType = sourcecode.swift; path = LeaderboardScene.swift; sourceTree = "<group>"; };
		A15639D92AA65B9B00687CE3 /* LeaderboardScrollView.swift */ = {isa = PBXFileReference; lastKnownFileType = sourcecode.swift; path = LeaderboardScrollView.swift; sourceTree = "<group>"; };
		A15639DB2AA6E74500687CE3 /* test.swift */ = {isa = PBXFileReference; lastKnownFileType = sourcecode.swift; path = test.swift; sourceTree = "<group>"; };
		A15639DD2AA7065300687CE3 /* Registration Scene.swift */ = {isa = PBXFileReference; lastKnownFileType = sourcecode.swift; path = "Registration Scene.swift"; sourceTree = "<group>"; };
		A15639DF2AA7141A00687CE3 /* AchievementScene.swift */ = {isa = PBXFileReference; lastKnownFileType = sourcecode.swift; path = AchievementScene.swift; sourceTree = "<group>"; };
		A15639E22AA715CB00687CE3 /* Achievement.swift */ = {isa = PBXFileReference; lastKnownFileType = sourcecode.swift; path = Achievement.swift; sourceTree = "<group>"; };
		A15639E42AA7236D00687CE3 /* Achievement2.swift */ = {isa = PBXFileReference; lastKnownFileType = sourcecode.swift; path = Achievement2.swift; sourceTree = "<group>"; };
		A15639EF2AA738CD00687CE3 /* game-over.mp3 */ = {isa = PBXFileReference; lastKnownFileType = audio.mp3; path = "game-over.mp3"; sourceTree = "<group>"; };
		A15639F02AA738CD00687CE3 /* main-menu.mp3 */ = {isa = PBXFileReference; lastKnownFileType = audio.mp3; path = "main-menu.mp3"; sourceTree = "<group>"; };
		A15639F12AA738CD00687CE3 /* game-win.mp3 */ = {isa = PBXFileReference; lastKnownFileType = audio.mp3; path = "game-win.mp3"; sourceTree = "<group>"; };
		A15639F52AA73AC600687CE3 /* game-scene.mp3 */ = {isa = PBXFileReference; lastKnownFileType = audio.mp3; path = "game-scene.mp3"; sourceTree = "<group>"; };
		A15E9A6D2A8A54BF00416761 /* trail-emitter-0.sks */ = {isa = PBXFileReference; lastKnownFileType = file.sks; path = "trail-emitter-0.sks"; sourceTree = "<group>"; };
		A15E9A6F2A8A550100416761 /* trail-emitter-3.sks */ = {isa = PBXFileReference; lastKnownFileType = file.sks; path = "trail-emitter-3.sks"; sourceTree = "<group>"; };
		A183BDC12A9891C500641C6F /* ShopScene.swift */ = {isa = PBXFileReference; lastKnownFileType = sourcecode.swift; path = ShopScene.swift; sourceTree = "<group>"; };
		A18A25EE2AA3AA99000656C1 /* EnemyHealthBar.swift */ = {isa = PBXFileReference; lastKnownFileType = sourcecode.swift; path = EnemyHealthBar.swift; sourceTree = "<group>"; };
		A19076342A9765C100CC8EAB /* HorizontalRightMovementEnemy.swift */ = {isa = PBXFileReference; lastKnownFileType = sourcecode.swift; path = HorizontalRightMovementEnemy.swift; sourceTree = "<group>"; };
		A19076362A9765D700CC8EAB /* FixedMovementEnemy.swift */ = {isa = PBXFileReference; lastKnownFileType = sourcecode.swift; path = FixedMovementEnemy.swift; sourceTree = "<group>"; };
		A19076382A9765F300CC8EAB /* CircularMovementEnemy.swift */ = {isa = PBXFileReference; lastKnownFileType = sourcecode.swift; path = CircularMovementEnemy.swift; sourceTree = "<group>"; };
		A1B2B1022A952DE2005A7FF0 /* GameWinScene.swift */ = {isa = PBXFileReference; lastKnownFileType = sourcecode.swift; path = GameWinScene.swift; sourceTree = "<group>"; };
		A1B3AB212A8B8D1E00F0DBA1 /* HeathBar.swift */ = {isa = PBXFileReference; lastKnownFileType = sourcecode.swift; path = HeathBar.swift; sourceTree = "<group>"; };
		A1B3AB242A8BCEDF00F0DBA1 /* GameOverScene.swift */ = {isa = PBXFileReference; lastKnownFileType = sourcecode.swift; path = GameOverScene.swift; sourceTree = "<group>"; };
		A1B456442A873C010088A39E /* PC Invader.app */ = {isa = PBXFileReference; explicitFileType = wrapper.application; includeInIndex = 0; path = "PC Invader.app"; sourceTree = BUILT_PRODUCTS_DIR; };
		A1B456472A873C010088A39E /* AppDelegate.swift */ = {isa = PBXFileReference; lastKnownFileType = sourcecode.swift; path = AppDelegate.swift; sourceTree = "<group>"; };
		A1B4564D2A873C020088A39E /* GameScene.swift */ = {isa = PBXFileReference; lastKnownFileType = sourcecode.swift; path = GameScene.swift; sourceTree = "<group>"; };
		A1B4564F2A873C020088A39E /* GameViewController.swift */ = {isa = PBXFileReference; lastKnownFileType = sourcecode.swift; path = GameViewController.swift; sourceTree = "<group>"; };
		A1B456522A873C020088A39E /* Base */ = {isa = PBXFileReference; lastKnownFileType = file.storyboard; name = Base; path = Base.lproj/Main.storyboard; sourceTree = "<group>"; };
		A1B456542A873C030088A39E /* Assets.xcassets */ = {isa = PBXFileReference; lastKnownFileType = folder.assetcatalog; path = Assets.xcassets; sourceTree = "<group>"; };
		A1B456572A873C030088A39E /* Base */ = {isa = PBXFileReference; lastKnownFileType = file.storyboard; name = Base; path = Base.lproj/LaunchScreen.storyboard; sourceTree = "<group>"; };
		A1B4565E2A878D800088A39E /* Player.swift */ = {isa = PBXFileReference; lastKnownFileType = sourcecode.swift; path = Player.swift; sourceTree = "<group>"; };
		A1B456602A87992B0088A39E /* InGameBackground.swift */ = {isa = PBXFileReference; lastKnownFileType = sourcecode.swift; path = InGameBackground.swift; sourceTree = "<group>"; };
		A1B456622A87BA640088A39E /* Bullet.swift */ = {isa = PBXFileReference; lastKnownFileType = sourcecode.swift; path = Bullet.swift; sourceTree = "<group>"; };
		A1BF00D72A97BAB800C7B444 /* HorizontalLeftMovementEnemy.swift */ = {isa = PBXFileReference; lastKnownFileType = sourcecode.swift; path = HorizontalLeftMovementEnemy.swift; sourceTree = "<group>"; };
		A1C972E02AA5A16A00F3F030 /* Boss.swift */ = {isa = PBXFileReference; lastKnownFileType = sourcecode.swift; path = Boss.swift; sourceTree = "<group>"; };
		A1E6B4862A99F62800771400 /* trail-emitter-2.sks */ = {isa = PBXFileReference; lastKnownFileType = file.sks; path = "trail-emitter-2.sks"; sourceTree = "<group>"; };
		A1E6B4882A99F73300771400 /* trail-emitter-1.sks */ = {isa = PBXFileReference; lastKnownFileType = file.sks; path = "trail-emitter-1.sks"; sourceTree = "<group>"; };
		A1E6B48C2A99F92100771400 /* trail-emitter-4.sks */ = {isa = PBXFileReference; lastKnownFileType = file.sks; path = "trail-emitter-4.sks"; sourceTree = "<group>"; };
		A1E750372A8CA9E300E43ED8 /* RandomMovementEnemy.swift */ = {isa = PBXFileReference; lastKnownFileType = sourcecode.swift; path = RandomMovementEnemy.swift; sourceTree = "<group>"; };
		A1E7503A2A8CAD5800E43ED8 /* Utilities.swift */ = {isa = PBXFileReference; lastKnownFileType = sourcecode.swift; path = Utilities.swift; sourceTree = "<group>"; };
		A1E7503C2A8CC06200E43ED8 /* GameManager.swift */ = {isa = PBXFileReference; lastKnownFileType = sourcecode.swift; path = GameManager.swift; sourceTree = "<group>"; };
		A1E750402A8CD38100E43ED8 /* VerticalMovementEnemy.swift */ = {isa = PBXFileReference; lastKnownFileType = sourcecode.swift; path = VerticalMovementEnemy.swift; sourceTree = "<group>"; };
		A1E750422A8CDC1500E43ED8 /* SpawnManager.swift */ = {isa = PBXFileReference; lastKnownFileType = sourcecode.swift; path = SpawnManager.swift; sourceTree = "<group>"; };
/* End PBXFileReference section */

/* Begin PBXFrameworksBuildPhase section */
		A1B456412A873C010088A39E /* Frameworks */ = {
			isa = PBXFrameworksBuildPhase;
			buildActionMask = 2147483647;
			files = (
			);
			runOnlyForDeploymentPostprocessing = 0;
		};
/* End PBXFrameworksBuildPhase section */

/* Begin PBXGroup section */
		A12E17462A8E929500EB5D95 /* Font */ = {
			isa = PBXGroup;
			children = (
				A12E17472A8E92A600EB5D95 /* ethnocentric.otf */,
			);
			name = Font;
			sourceTree = "<group>";
		};
		A135F97A2A8E1AF100CA647A /* Player */ = {
			isa = PBXGroup;
			children = (
				A15E9A6D2A8A54BF00416761 /* trail-emitter-0.sks */,
				A1E6B4882A99F73300771400 /* trail-emitter-1.sks */,
				A1E6B4862A99F62800771400 /* trail-emitter-2.sks */,
				A15E9A6F2A8A550100416761 /* trail-emitter-3.sks */,
				A1E6B48C2A99F92100771400 /* trail-emitter-4.sks */,
				A1B4565E2A878D800088A39E /* Player.swift */,
				A1B3AB212A8B8D1E00F0DBA1 /* HeathBar.swift */,
			);
			name = Player;
			sourceTree = "<group>";
		};
		A135F97B2A8E1B0300CA647A /* Bullet */ = {
			isa = PBXGroup;
			children = (
				A1B456622A87BA640088A39E /* Bullet.swift */,
			);
			name = Bullet;
			sourceTree = "<group>";
		};
		A135F97E2A8E351E00CA647A /* Map */ = {
			isa = PBXGroup;
			children = (
				A135F97C2A8E20B600CA647A /* MapScene.swift */,
				A135F97F2A8E353300CA647A /* LevelNode.swift */,
			);
			name = Map;
			sourceTree = "<group>";
		};
		A15013052A87C32100DDB2AC /* Entity */ = {
			isa = PBXGroup;
			children = (
				A135F97B2A8E1B0300CA647A /* Bullet */,
				A135F97A2A8E1AF100CA647A /* Player */,
				A1E750362A8CA9CC00E43ED8 /* Enemy */,
			);
			name = Entity;
			sourceTree = "<group>";
		};
		A15013062A87C35400DDB2AC /* Background */ = {
			isa = PBXGroup;
			children = (
				A1B456602A87992B0088A39E /* InGameBackground.swift */,
			);
			path = Background;
			sourceTree = "<group>";
		};
		A15013072A87C3D100DDB2AC /* Sfx */ = {
			isa = PBXGroup;
			children = (
				A15013082A87C3F500DDB2AC /* shooting.wav */,
				A15639E62AA7332400687CE3 /* BackgroundMusic */,
			);
			name = Sfx;
			sourceTree = "<group>";
		};
		A15639E12AA715A000687CE3 /* AchievementGroup */ = {
			isa = PBXGroup;
			children = (
				A15639DF2AA7141A00687CE3 /* AchievementScene.swift */,
				A15639E22AA715CB00687CE3 /* Achievement.swift */,
				A15639E42AA7236D00687CE3 /* Achievement2.swift */,
			);
			name = AchievementGroup;
			sourceTree = "<group>";
		};
		A15639E62AA7332400687CE3 /* BackgroundMusic */ = {
			isa = PBXGroup;
			children = (
				A15639F52AA73AC600687CE3 /* game-scene.mp3 */,
				A15639EF2AA738CD00687CE3 /* game-over.mp3 */,
				A15639F02AA738CD00687CE3 /* main-menu.mp3 */,
				A15639F12AA738CD00687CE3 /* game-win.mp3 */,
			);
			name = BackgroundMusic;
			sourceTree = "<group>";
		};
		A1B3AB232A8BCEC700F0DBA1 /* Scene */ = {
			isa = PBXGroup;
			children = (
				A15639DD2AA7065300687CE3 /* Registration Scene.swift */,
				A1B4564D2A873C020088A39E /* GameScene.swift */,
				A15639D72AA64E1300687CE3 /* LeaderboardScene.swift */,
				A15639E12AA715A000687CE3 /* AchievementGroup */,
				A15639D92AA65B9B00687CE3 /* LeaderboardScrollView.swift */,
				A15639DB2AA6E74500687CE3 /* test.swift */,
				A1B3AB242A8BCEDF00F0DBA1 /* GameOverScene.swift */,
				A1B2B1022A952DE2005A7FF0 /* GameWinScene.swift */,
				A135F9782A8E176A00CA647A /* MainMenuScene.swift */,
				A183BDC12A9891C500641C6F /* ShopScene.swift */,
				A135F97E2A8E351E00CA647A /* Map */,
			);
			name = Scene;
			sourceTree = "<group>";
		};
		A1B4563B2A873C010088A39E = {
			isa = PBXGroup;
			children = (
				A1B456462A873C010088A39E /* PC Invader */,
				A1B456452A873C010088A39E /* Products */,
			);
			sourceTree = "<group>";
		};
		A1B456452A873C010088A39E /* Products */ = {
			isa = PBXGroup;
			children = (
				A1B456442A873C010088A39E /* PC Invader.app */,
			);
			name = Products;
			sourceTree = "<group>";
		};
		A1B456462A873C010088A39E /* PC Invader */ = {
			isa = PBXGroup;
			children = (
				A12E174B2A8E942200EB5D95 /* PC-Invader-Info.plist */,
				A12E17462A8E929500EB5D95 /* Font */,
				A1B456472A873C010088A39E /* AppDelegate.swift */,
				A1E7503C2A8CC06200E43ED8 /* GameManager.swift */,
				A1E750422A8CDC1500E43ED8 /* SpawnManager.swift */,
				A1E750392A8CAD4800E43ED8 /* Ultils */,
				A1B3AB232A8BCEC700F0DBA1 /* Scene */,
				A15013072A87C3D100DDB2AC /* Sfx */,
				A15013052A87C32100DDB2AC /* Entity */,
				A15013062A87C35400DDB2AC /* Background */,
				A1B4564F2A873C020088A39E /* GameViewController.swift */,
				A1B456512A873C020088A39E /* Main.storyboard */,
				A1B456542A873C030088A39E /* Assets.xcassets */,
				A1B456562A873C030088A39E /* LaunchScreen.storyboard */,
			);
			path = "PC Invader";
			sourceTree = "<group>";
		};
		A1E750362A8CA9CC00E43ED8 /* Enemy */ = {
			isa = PBXGroup;
			children = (
				A118A7252A8A8F12004E4EB2 /* Enemy.swift */,
				A1E750402A8CD38100E43ED8 /* VerticalMovementEnemy.swift */,
				A19076342A9765C100CC8EAB /* HorizontalRightMovementEnemy.swift */,
				A1BF00D72A97BAB800C7B444 /* HorizontalLeftMovementEnemy.swift */,
				A19076362A9765D700CC8EAB /* FixedMovementEnemy.swift */,
				A1C972E02AA5A16A00F3F030 /* Boss.swift */,
				A1E750372A8CA9E300E43ED8 /* RandomMovementEnemy.swift */,
				A19076382A9765F300CC8EAB /* CircularMovementEnemy.swift */,
				A18A25EE2AA3AA99000656C1 /* EnemyHealthBar.swift */,
			);
			name = Enemy;
			sourceTree = "<group>";
		};
		A1E750392A8CAD4800E43ED8 /* Ultils */ = {
			isa = PBXGroup;
			children = (
				A1E7503A2A8CAD5800E43ED8 /* Utilities.swift */,
			);
			name = Ultils;
			sourceTree = "<group>";
		};
/* End PBXGroup section */

/* Begin PBXNativeTarget section */
		A1B456432A873C010088A39E /* PC Invader */ = {
			isa = PBXNativeTarget;
			buildConfigurationList = A1B4565B2A873C030088A39E /* Build configuration list for PBXNativeTarget "PC Invader" */;
			buildPhases = (
				A1B456402A873C010088A39E /* Sources */,
				A1B456412A873C010088A39E /* Frameworks */,
				A1B456422A873C010088A39E /* Resources */,
			);
			buildRules = (
			);
			dependencies = (
			);
			name = "PC Invader";
			productName = "PC Invader";
			productReference = A1B456442A873C010088A39E /* PC Invader.app */;
			productType = "com.apple.product-type.application";
		};
/* End PBXNativeTarget section */

/* Begin PBXProject section */
		A1B4563C2A873C010088A39E /* Project object */ = {
			isa = PBXProject;
			attributes = {
				BuildIndependentTargetsInParallel = 1;
				LastSwiftUpdateCheck = 1430;
				LastUpgradeCheck = 1430;
				TargetAttributes = {
					A1B456432A873C010088A39E = {
						CreatedOnToolsVersion = 14.3.1;
					};
				};
			};
			buildConfigurationList = A1B4563F2A873C010088A39E /* Build configuration list for PBXProject "PC Invader" */;
			compatibilityVersion = "Xcode 14.0";
			developmentRegion = en;
			hasScannedForEncodings = 0;
			knownRegions = (
				en,
				Base,
			);
			mainGroup = A1B4563B2A873C010088A39E;
			productRefGroup = A1B456452A873C010088A39E /* Products */;
			projectDirPath = "";
			projectRoot = "";
			targets = (
				A1B456432A873C010088A39E /* PC Invader */,
			);
		};
/* End PBXProject section */

/* Begin PBXResourcesBuildPhase section */
		A1B456422A873C010088A39E /* Resources */ = {
			isa = PBXResourcesBuildPhase;
			buildActionMask = 2147483647;
			files = (
				A1E6B4872A99F62800771400 /* trail-emitter-2.sks in Resources */,
				A1E6B48D2A99F92100771400 /* trail-emitter-4.sks in Resources */,
				A1B456532A873C020088A39E /* Main.storyboard in Resources */,
				A1B456552A873C030088A39E /* Assets.xcassets in Resources */,
				A12E17492A8E92A600EB5D95 /* ethnocentric.otf in Resources */,
				A1E6B4892A99F73300771400 /* trail-emitter-1.sks in Resources */,
				A15E9A6E2A8A54BF00416761 /* trail-emitter-0.sks in Resources */,
				A15013092A87C3F500DDB2AC /* shooting.wav in Resources */,
				A15639F22AA738CD00687CE3 /* game-over.mp3 in Resources */,
				A15639F62AA73AC600687CE3 /* game-scene.mp3 in Resources */,
				A1B456582A873C030088A39E /* LaunchScreen.storyboard in Resources */,
				A15E9A702A8A550100416761 /* trail-emitter-3.sks in Resources */,
				A15639F32AA738CD00687CE3 /* main-menu.mp3 in Resources */,
				A15639F42AA738CD00687CE3 /* game-win.mp3 in Resources */,
			);
			runOnlyForDeploymentPostprocessing = 0;
		};
/* End PBXResourcesBuildPhase section */

/* Begin PBXSourcesBuildPhase section */
		A1B456402A873C010088A39E /* Sources */ = {
			isa = PBXSourcesBuildPhase;
			buildActionMask = 2147483647;
			files = (
				A135F9792A8E176A00CA647A /* MainMenuScene.swift in Sources */,
				A1B3AB222A8B8D1E00F0DBA1 /* HeathBar.swift in Sources */,
				A19076372A9765D700CC8EAB /* FixedMovementEnemy.swift in Sources */,
				A1E750412A8CD38100E43ED8 /* VerticalMovementEnemy.swift in Sources */,
				A15639DA2AA65B9B00687CE3 /* LeaderboardScrollView.swift in Sources */,
				A1E7503D2A8CC06200E43ED8 /* GameManager.swift in Sources */,
				A118A7262A8A8F12004E4EB2 /* Enemy.swift in Sources */,
				A135F97D2A8E20B600CA647A /* MapScene.swift in Sources */,
				A15639E52AA7236D00687CE3 /* Achievement2.swift in Sources */,
				A1E7503B2A8CAD5800E43ED8 /* Utilities.swift in Sources */,
				A18A25EF2AA3AA99000656C1 /* EnemyHealthBar.swift in Sources */,
				A1BF00D82A97BAB800C7B444 /* HorizontalLeftMovementEnemy.swift in Sources */,
				A135F9802A8E353300CA647A /* LevelNode.swift in Sources */,
				A1B456612A87992B0088A39E /* InGameBackground.swift in Sources */,
				A15639DE2AA7065300687CE3 /* Registration Scene.swift in Sources */,
				A15639DC2AA6E74500687CE3 /* test.swift in Sources */,
				A1B4565F2A878D800088A39E /* Player.swift in Sources */,
				A1B4564E2A873C020088A39E /* GameScene.swift in Sources */,
				A15639D82AA64E1300687CE3 /* LeaderboardScene.swift in Sources */,
				A15639E32AA715CB00687CE3 /* Achievement.swift in Sources */,
				A1B2B1032A952DE2005A7FF0 /* GameWinScene.swift in Sources */,
				A183BDC22A9891C500641C6F /* ShopScene.swift in Sources */,
				A1E750382A8CA9E300E43ED8 /* RandomMovementEnemy.swift in Sources */,
				A1B456502A873C020088A39E /* GameViewController.swift in Sources */,
				A1C972E12AA5A16A00F3F030 /* Boss.swift in Sources */,
				A1B456482A873C010088A39E /* AppDelegate.swift in Sources */,
				A15639E02AA7141A00687CE3 /* AchievementScene.swift in Sources */,
				A19076352A9765C100CC8EAB /* HorizontalRightMovementEnemy.swift in Sources */,
				A1E750432A8CDC1500E43ED8 /* SpawnManager.swift in Sources */,
				A1B3AB252A8BCEDF00F0DBA1 /* GameOverScene.swift in Sources */,
				A19076392A9765F300CC8EAB /* CircularMovementEnemy.swift in Sources */,
				A1B456632A87BA640088A39E /* Bullet.swift in Sources */,
			);
			runOnlyForDeploymentPostprocessing = 0;
		};
/* End PBXSourcesBuildPhase section */

/* Begin PBXVariantGroup section */
		A1B456512A873C020088A39E /* Main.storyboard */ = {
			isa = PBXVariantGroup;
			children = (
				A1B456522A873C020088A39E /* Base */,
			);
			name = Main.storyboard;
			sourceTree = "<group>";
		};
		A1B456562A873C030088A39E /* LaunchScreen.storyboard */ = {
			isa = PBXVariantGroup;
			children = (
				A1B456572A873C030088A39E /* Base */,
			);
			name = LaunchScreen.storyboard;
			sourceTree = "<group>";
		};
/* End PBXVariantGroup section */

/* Begin XCBuildConfiguration section */
		A1B456592A873C030088A39E /* Debug */ = {
			isa = XCBuildConfiguration;
			buildSettings = {
				ALWAYS_SEARCH_USER_PATHS = NO;
				CLANG_ANALYZER_NONNULL = YES;
				CLANG_ANALYZER_NUMBER_OBJECT_CONVERSION = YES_AGGRESSIVE;
				CLANG_CXX_LANGUAGE_STANDARD = "gnu++20";
				CLANG_ENABLE_MODULES = YES;
				CLANG_ENABLE_OBJC_ARC = YES;
				CLANG_ENABLE_OBJC_WEAK = YES;
				CLANG_WARN_BLOCK_CAPTURE_AUTORELEASING = YES;
				CLANG_WARN_BOOL_CONVERSION = YES;
				CLANG_WARN_COMMA = YES;
				CLANG_WARN_CONSTANT_CONVERSION = YES;
				CLANG_WARN_DEPRECATED_OBJC_IMPLEMENTATIONS = YES;
				CLANG_WARN_DIRECT_OBJC_ISA_USAGE = YES_ERROR;
				CLANG_WARN_DOCUMENTATION_COMMENTS = YES;
				CLANG_WARN_EMPTY_BODY = YES;
				CLANG_WARN_ENUM_CONVERSION = YES;
				CLANG_WARN_INFINITE_RECURSION = YES;
				CLANG_WARN_INT_CONVERSION = YES;
				CLANG_WARN_NON_LITERAL_NULL_CONVERSION = YES;
				CLANG_WARN_OBJC_IMPLICIT_RETAIN_SELF = YES;
				CLANG_WARN_OBJC_LITERAL_CONVERSION = YES;
				CLANG_WARN_OBJC_ROOT_CLASS = YES_ERROR;
				CLANG_WARN_QUOTED_INCLUDE_IN_FRAMEWORK_HEADER = YES;
				CLANG_WARN_RANGE_LOOP_ANALYSIS = YES;
				CLANG_WARN_STRICT_PROTOTYPES = YES;
				CLANG_WARN_SUSPICIOUS_MOVE = YES;
				CLANG_WARN_UNGUARDED_AVAILABILITY = YES_AGGRESSIVE;
				CLANG_WARN_UNREACHABLE_CODE = YES;
				CLANG_WARN__DUPLICATE_METHOD_MATCH = YES;
				COPY_PHASE_STRIP = NO;
				DEBUG_INFORMATION_FORMAT = dwarf;
				ENABLE_STRICT_OBJC_MSGSEND = YES;
				ENABLE_TESTABILITY = YES;
				GCC_C_LANGUAGE_STANDARD = gnu11;
				GCC_DYNAMIC_NO_PIC = NO;
				GCC_NO_COMMON_BLOCKS = YES;
				GCC_OPTIMIZATION_LEVEL = 0;
				GCC_PREPROCESSOR_DEFINITIONS = (
					"DEBUG=1",
					"$(inherited)",
				);
				GCC_WARN_64_TO_32_BIT_CONVERSION = YES;
				GCC_WARN_ABOUT_RETURN_TYPE = YES_ERROR;
				GCC_WARN_UNDECLARED_SELECTOR = YES;
				GCC_WARN_UNINITIALIZED_AUTOS = YES_AGGRESSIVE;
				GCC_WARN_UNUSED_FUNCTION = YES;
				GCC_WARN_UNUSED_VARIABLE = YES;
				IPHONEOS_DEPLOYMENT_TARGET = 16.4;
				MTL_ENABLE_DEBUG_INFO = INCLUDE_SOURCE;
				MTL_FAST_MATH = YES;
				ONLY_ACTIVE_ARCH = YES;
				SDKROOT = iphoneos;
				SWIFT_ACTIVE_COMPILATION_CONDITIONS = DEBUG;
				SWIFT_OPTIMIZATION_LEVEL = "-Onone";
			};
			name = Debug;
		};
		A1B4565A2A873C030088A39E /* Release */ = {
			isa = XCBuildConfiguration;
			buildSettings = {
				ALWAYS_SEARCH_USER_PATHS = NO;
				CLANG_ANALYZER_NONNULL = YES;
				CLANG_ANALYZER_NUMBER_OBJECT_CONVERSION = YES_AGGRESSIVE;
				CLANG_CXX_LANGUAGE_STANDARD = "gnu++20";
				CLANG_ENABLE_MODULES = YES;
				CLANG_ENABLE_OBJC_ARC = YES;
				CLANG_ENABLE_OBJC_WEAK = YES;
				CLANG_WARN_BLOCK_CAPTURE_AUTORELEASING = YES;
				CLANG_WARN_BOOL_CONVERSION = YES;
				CLANG_WARN_COMMA = YES;
				CLANG_WARN_CONSTANT_CONVERSION = YES;
				CLANG_WARN_DEPRECATED_OBJC_IMPLEMENTATIONS = YES;
				CLANG_WARN_DIRECT_OBJC_ISA_USAGE = YES_ERROR;
				CLANG_WARN_DOCUMENTATION_COMMENTS = YES;
				CLANG_WARN_EMPTY_BODY = YES;
				CLANG_WARN_ENUM_CONVERSION = YES;
				CLANG_WARN_INFINITE_RECURSION = YES;
				CLANG_WARN_INT_CONVERSION = YES;
				CLANG_WARN_NON_LITERAL_NULL_CONVERSION = YES;
				CLANG_WARN_OBJC_IMPLICIT_RETAIN_SELF = YES;
				CLANG_WARN_OBJC_LITERAL_CONVERSION = YES;
				CLANG_WARN_OBJC_ROOT_CLASS = YES_ERROR;
				CLANG_WARN_QUOTED_INCLUDE_IN_FRAMEWORK_HEADER = YES;
				CLANG_WARN_RANGE_LOOP_ANALYSIS = YES;
				CLANG_WARN_STRICT_PROTOTYPES = YES;
				CLANG_WARN_SUSPICIOUS_MOVE = YES;
				CLANG_WARN_UNGUARDED_AVAILABILITY = YES_AGGRESSIVE;
				CLANG_WARN_UNREACHABLE_CODE = YES;
				CLANG_WARN__DUPLICATE_METHOD_MATCH = YES;
				COPY_PHASE_STRIP = NO;
				DEBUG_INFORMATION_FORMAT = "dwarf-with-dsym";
				ENABLE_NS_ASSERTIONS = NO;
				ENABLE_STRICT_OBJC_MSGSEND = YES;
				GCC_C_LANGUAGE_STANDARD = gnu11;
				GCC_NO_COMMON_BLOCKS = YES;
				GCC_WARN_64_TO_32_BIT_CONVERSION = YES;
				GCC_WARN_ABOUT_RETURN_TYPE = YES_ERROR;
				GCC_WARN_UNDECLARED_SELECTOR = YES;
				GCC_WARN_UNINITIALIZED_AUTOS = YES_AGGRESSIVE;
				GCC_WARN_UNUSED_FUNCTION = YES;
				GCC_WARN_UNUSED_VARIABLE = YES;
				IPHONEOS_DEPLOYMENT_TARGET = 16.4;
				MTL_ENABLE_DEBUG_INFO = NO;
				MTL_FAST_MATH = YES;
				SDKROOT = iphoneos;
				SWIFT_COMPILATION_MODE = wholemodule;
				SWIFT_OPTIMIZATION_LEVEL = "-O";
				VALIDATE_PRODUCT = YES;
			};
			name = Release;
		};
		A1B4565C2A873C030088A39E /* Debug */ = {
			isa = XCBuildConfiguration;
			buildSettings = {
				ASSETCATALOG_COMPILER_APPICON_NAME = AppIcon;
				ASSETCATALOG_COMPILER_GLOBAL_ACCENT_COLOR_NAME = AccentColor;
				CODE_SIGN_STYLE = Automatic;
				CURRENT_PROJECT_VERSION = 1;
				DEVELOPMENT_TEAM = QUV7VD99GR;
				GENERATE_INFOPLIST_FILE = YES;
				INFOPLIST_FILE = "PC-Invader-Info.plist";
				INFOPLIST_KEY_UIApplicationSupportsIndirectInputEvents = YES;
				INFOPLIST_KEY_UILaunchStoryboardName = LaunchScreen;
				INFOPLIST_KEY_UIMainStoryboardFile = Main;
				INFOPLIST_KEY_UIStatusBarHidden = YES;
				INFOPLIST_KEY_UIStatusBarStyle = "";
				INFOPLIST_KEY_UISupportedInterfaceOrientations = "UIInterfaceOrientationPortrait UIInterfaceOrientationPortraitUpsideDown";
				LD_RUNPATH_SEARCH_PATHS = (
					"$(inherited)",
					"@executable_path/Frameworks",
				);
				MARKETING_VERSION = 1.0;
				PRODUCT_BUNDLE_IDENTIFIER = "com.microsoft.PC-Invader";
				PRODUCT_NAME = "$(TARGET_NAME)";
				SWIFT_EMIT_LOC_STRINGS = YES;
				SWIFT_VERSION = 5.0;
				TARGETED_DEVICE_FAMILY = "1,2";
			};
			name = Debug;
		};
		A1B4565D2A873C030088A39E /* Release */ = {
			isa = XCBuildConfiguration;
			buildSettings = {
				ASSETCATALOG_COMPILER_APPICON_NAME = AppIcon;
				ASSETCATALOG_COMPILER_GLOBAL_ACCENT_COLOR_NAME = AccentColor;
				CODE_SIGN_STYLE = Automatic;
				CURRENT_PROJECT_VERSION = 1;
				DEVELOPMENT_TEAM = QUV7VD99GR;
				GENERATE_INFOPLIST_FILE = YES;
				INFOPLIST_FILE = "PC-Invader-Info.plist";
				INFOPLIST_KEY_UIApplicationSupportsIndirectInputEvents = YES;
				INFOPLIST_KEY_UILaunchStoryboardName = LaunchScreen;
				INFOPLIST_KEY_UIMainStoryboardFile = Main;
				INFOPLIST_KEY_UIStatusBarHidden = YES;
				INFOPLIST_KEY_UIStatusBarStyle = "";
				INFOPLIST_KEY_UISupportedInterfaceOrientations = "UIInterfaceOrientationPortrait UIInterfaceOrientationPortraitUpsideDown";
				LD_RUNPATH_SEARCH_PATHS = (
					"$(inherited)",
					"@executable_path/Frameworks",
				);
				MARKETING_VERSION = 1.0;
				PRODUCT_BUNDLE_IDENTIFIER = "com.microsoft.PC-Invader";
				PRODUCT_NAME = "$(TARGET_NAME)";
				SWIFT_EMIT_LOC_STRINGS = YES;
				SWIFT_VERSION = 5.0;
				TARGETED_DEVICE_FAMILY = "1,2";
			};
			name = Release;
		};
/* End XCBuildConfiguration section */

/* Begin XCConfigurationList section */
		A1B4563F2A873C010088A39E /* Build configuration list for PBXProject "PC Invader" */ = {
			isa = XCConfigurationList;
			buildConfigurations = (
				A1B456592A873C030088A39E /* Debug */,
				A1B4565A2A873C030088A39E /* Release */,
			);
			defaultConfigurationIsVisible = 0;
			defaultConfigurationName = Release;
		};
		A1B4565B2A873C030088A39E /* Build configuration list for PBXNativeTarget "PC Invader" */ = {
			isa = XCConfigurationList;
			buildConfigurations = (
				A1B4565C2A873C030088A39E /* Debug */,
				A1B4565D2A873C030088A39E /* Release */,
			);
			defaultConfigurationIsVisible = 0;
			defaultConfigurationName = Release;
		};
/* End XCConfigurationList section */
	};
	rootObject = A1B4563C2A873C010088A39E /* Project object */;
}
